
Microsoft Visual Studio Solution File, Format Version 11.00
# Visual C# Express 2010
Project("{FAE04EC0-301F-11D3-BF4B-00C04F79EFBC}") = "Rogue", "Rogue\Rogue\Rogue.csproj", "{D6A80012-7D13-4E64-AB24-B7FBDDE4BF01}"
EndProject
Project("{96E2B04D-8817-42C6-938A-82C39BA4D311}") = "RogueContent", "Rogue\RogueContent\RogueContent.contentproj", "{215AEAF5-7C32-4A70-93D1-C37EF6E4621F}"
EndProject
Global
	GlobalSection(SolutionConfigurationPlatforms) = preSolution
		Debug|x86 = Debug|x86
		Release|x86 = Release|x86
	EndGlobalSection
	GlobalSection(ProjectConfigurationPlatforms) = postSolution
		{D6A80012-7D13-4E64-AB24-B7FBDDE4BF01}.Debug|x86.ActiveCfg = Debug|x86
		{D6A80012-7D13-4E64-AB24-B7FBDDE4BF01}.Debug|x86.Build.0 = Debug|x86
		{D6A80012-7D13-4E64-AB24-B7FBDDE4BF01}.Release|x86.ActiveCfg = Release|x86
		{D6A80012-7D13-4E64-AB24-B7FBDDE4BF01}.Release|x86.Build.0 = Release|x86
		{215AEAF5-7C32-4A70-93D1-C37EF6E4621F}.Debug|x86.ActiveCfg = Debug|x86
		{215AEAF5-7C32-4A70-93D1-C37EF6E4621F}.Release|x86.ActiveCfg = Release|x86
	EndGlobalSection
	GlobalSection(SolutionProperties) = preSolution
		HideSolutionNode = FALSE
	EndGlobalSection
EndGlobal
